
Microsoft Visual Studio Solution File, Format Version 12.00
# Visual Studio 15
VisualStudioVersion = 15.0.28307.1062
MinimumVisualStudioVersion = 10.0.40219.1
Project("{FAE04EC0-301F-11D3-BF4B-00C04F79EFBC}") = "RentalKendaraan_070", "RentalKendaraan_070\RentalKendaraan_070.csproj", "{66528CF6-4E8C-4070-B2AB-C8BEF7C578A7}"
EndProject
Global
	GlobalSection(SolutionConfigurationPlatforms) = preSolution
		Debug|Any CPU = Debug|Any CPU
		Release|Any CPU = Release|Any CPU
	EndGlobalSection
	GlobalSection(ProjectConfigurationPlatforms) = postSolution
		{66528CF6-4E8C-4070-B2AB-C8BEF7C578A7}.Debug|Any CPU.ActiveCfg = Debug|Any CPU
		{66528CF6-4E8C-4070-B2AB-C8BEF7C578A7}.Debug|Any CPU.Build.0 = Debug|Any CPU
		{66528CF6-4E8C-4070-B2AB-C8BEF7C578A7}.Release|Any CPU.ActiveCfg = Release|Any CPU
		{66528CF6-4E8C-4070-B2AB-C8BEF7C578A7}.Release|Any CPU.Build.0 = Release|Any CPU
	EndGlobalSection
	GlobalSection(SolutionProperties) = preSolution
		HideSolutionNode = FALSE
	EndGlobalSection
	GlobalSection(ExtensibilityGlobals) = postSolution
		SolutionGuid = {011871C9-C9CC-41C4-825C-9FDC1E7D0D1C}
	EndGlobalSection
EndGlobal
